
Microsoft Visual Studio Solution File, Format Version 12.00
Project("{FAE04EC0-301F-11D3-BF4B-00C04F79EFBC}") = "WebApplication", "WebApplication\WebApplication.csproj", "{72EF8A85-A3CE-4958-868B-7FA494CF8C6E}"
EndProject
Project("{FAE04EC0-301F-11D3-BF4B-00C04F79EFBC}") = "WebApplication.DAL", "WebApplication.DAL\WebApplication.DAL.csproj", "{6022862A-9930-4809-B94D-418BFC47A925}"
EndProject
Global
	GlobalSection(SolutionConfigurationPlatforms) = preSolution
		Debug|Any CPU = Debug|Any CPU
		Release|Any CPU = Release|Any CPU
	EndGlobalSection
	GlobalSection(ProjectConfigurationPlatforms) = postSolution
		{72EF8A85-A3CE-4958-868B-7FA494CF8C6E}.Debug|Any CPU.ActiveCfg = Debug|Any CPU
		{72EF8A85-A3CE-4958-868B-7FA494CF8C6E}.Debug|Any CPU.Build.0 = Debug|Any CPU
		{72EF8A85-A3CE-4958-868B-7FA494CF8C6E}.Release|Any CPU.ActiveCfg = Release|Any CPU
		{72EF8A85-A3CE-4958-868B-7FA494CF8C6E}.Release|Any CPU.Build.0 = Release|Any CPU
		{6022862A-9930-4809-B94D-418BFC47A925}.Debug|Any CPU.ActiveCfg = Debug|Any CPU
		{6022862A-9930-4809-B94D-418BFC47A925}.Debug|Any CPU.Build.0 = Debug|Any CPU
		{6022862A-9930-4809-B94D-418BFC47A925}.Release|Any CPU.ActiveCfg = Release|Any CPU
		{6022862A-9930-4809-B94D-418BFC47A925}.Release|Any CPU.Build.0 = Release|Any CPU
	EndGlobalSection
EndGlobal
